
Microsoft Visual Studio Solution File, Format Version 12.00
# Visual Studio Version 16
VisualStudioVersion = 16.0.28917.181
MinimumVisualStudioVersion = 10.0.40219.1
Project("{FAE04EC0-301F-11D3-BF4B-00C04F79EFBC}") = "Singleton", "DesignPatternsTests\Singleton.csproj", "{27F7106D-347C-4BEC-A04B-EC4B6B3CB6E5}"
EndProject
Project("{FAE04EC0-301F-11D3-BF4B-00C04F79EFBC}") = "Shared", "Common\Shared.csproj", "{5E4D9F12-A069-4979-9EE1-944FF27C1BF0}"
EndProject
Project("{FAE04EC0-301F-11D3-BF4B-00C04F79EFBC}") = "Snippets", "Snippets\Snippets.csproj", "{C796791F-D7AC-48B6-B1CE-2582CAC57A65}"
EndProject
Project("{2150E333-8FDC-42A3-9474-1A3956D46DE8}") = "VSSettings", "VSSettings", "{C7D77295-071B-4205-B444-CB335A913C59}"
	ProjectSection(SolutionItems) = preProject
		Snippets\MySnippets\.editorconfig = Snippets\MySnippets\.editorconfig
		Snippets\MySnippets\README.MD = Snippets\MySnippets\README.MD
	EndProjectSection
EndProject
Project("{9A19103F-16F7-4668-BE54-9A1E7A4F7556}") = "ObjectPoolingTests", "ObjectPooling\ObjectPoolingTests.csproj", "{981C3560-B808-4782-95B6-FE67AE92EA4C}"
EndProject
Project("{2150E333-8FDC-42A3-9474-1A3956D46DE8}") = "DesignPatterns", "DesignPatterns", "{D8BFBF70-D61D-4D97-BBAD-AC65D20D495A}"
EndProject
Project("{2150E333-8FDC-42A3-9474-1A3956D46DE8}") = "ObjectPool", "ObjectPool", "{9B5D7FEE-4055-4D9A-A9A8-D5C05108FCE7}"
EndProject
Project("{2150E333-8FDC-42A3-9474-1A3956D46DE8}") = "Singleton", "Singleton", "{A6F2A58B-0ABD-4B98-BA7F-8831125BD8BA}"
EndProject
Project("{2150E333-8FDC-42A3-9474-1A3956D46DE8}") = "Flyweight", "Flyweight", "{5C8EB0DE-2F40-4050-8E36-9839AC8934F8}"
EndProject
Project("{9A19103F-16F7-4668-BE54-9A1E7A4F7556}") = "Flyweights", "Flyweights\Flyweights.csproj", "{5CBFC444-6D17-48B1-BDC0-7661D5E0417B}"
EndProject
Project("{2150E333-8FDC-42A3-9474-1A3956D46DE8}") = "Benefactor", "Benefactor", "{4B64BF8C-53C6-4285-AF90-F53C4CC93A98}"
	ProjectSection(SolutionItems) = preProject
		DesignPatterns\Benefactor\Parent.cs = DesignPatterns\Benefactor\Parent.cs
	EndProjectSection
EndProject
Project("{2150E333-8FDC-42A3-9474-1A3956D46DE8}") = "Minion", "Minion", "{034546F7-9F00-4AD6-8AA6-880CC2E02CE5}"
	ProjectSection(SolutionItems) = preProject
		DesignPatterns\Minion\Minion.cs = DesignPatterns\Minion\Minion.cs
	EndProjectSection
EndProject
Project("{2150E333-8FDC-42A3-9474-1A3956D46DE8}") = "Repository", "Repository", "{E1A56079-FDE4-4D4C-84AB-F7ECE5F4814D}"
EndProject
Project("{9A19103F-16F7-4668-BE54-9A1E7A4F7556}") = "RepositoryPattern", "RepositoryPattern\RepositoryPattern.csproj", "{7A2207CF-9FB3-4E8D-804B-F89D9A8214F4}"
EndProject
Project("{2150E333-8FDC-42A3-9474-1A3956D46DE8}") = "Strategy", "Strategy", "{CAD2E5B0-CA76-41E4-92ED-34647500B6E7}"
EndProject
Project("{2150E333-8FDC-42A3-9474-1A3956D46DE8}") = "Mappers", "Mappers", "{C79B2149-8DAB-4B18-A296-3AC5248FAF99}"
EndProject
Project("{9A19103F-16F7-4668-BE54-9A1E7A4F7556}") = "MappingTests", "MappingTests\MappingTests.csproj", "{ECAE3533-4FF8-4F79-A516-24F97D5E8A9B}"
EndProject
Project("{9A19103F-16F7-4668-BE54-9A1E7A4F7556}") = "FasterThanReflection", "FasterThanReflection\FasterThanReflection.csproj", "{419BE07A-1FC9-4079-BD44-7F7EE87F7F1D}"
EndProject
Project("{9A19103F-16F7-4668-BE54-9A1E7A4F7556}") = "Movies.Console", "Graphs.Console\Movies.Console.csproj", "{80A58D02-87CE-48B5-872D-2402DDEBDCD2}"
EndProject
Project("{2150E333-8FDC-42A3-9474-1A3956D46DE8}") = "GraphAPIs", "GraphAPIs", "{3261F889-BDD9-46F7-9EDF-80272ECC7279}"
EndProject
Project("{9A19103F-16F7-4668-BE54-9A1E7A4F7556}") = "Movies.Api", "Movies.Api\Movies.Api.csproj", "{9ADBF3BA-D490-4B43-BF1E-A335B561FFC7}"
EndProject
Project("{9A19103F-16F7-4668-BE54-9A1E7A4F7556}") = "Movies.Data", "Movies.Data\Movies.Data.csproj", "{A04F2F51-1465-4D99-BE58-6003EF25DDCA}"
EndProject
Project("{2150E333-8FDC-42A3-9474-1A3956D46DE8}") = "Movies", "Movies", "{C9109332-7CC0-451C-9C2E-E17DE10106C2}"
EndProject
Project("{9A19103F-16F7-4668-BE54-9A1E7A4F7556}") = "Movie.Api.Tests", "Movie.Api.Tests\Movie.Api.Tests.csproj", "{6B10AA97-019F-4593-BC60-A4ACBD95BC4E}"
	ProjectSection(ProjectDependencies) = postProject
		{FFF2C832-2A54-4141-B6A9-25F9F6CDBC7C} = {FFF2C832-2A54-4141-B6A9-25F9F6CDBC7C}
	EndProjectSection
EndProject
Project("{2150E333-8FDC-42A3-9474-1A3956D46DE8}") = "TPOT", "TPOT", "{4ADA77D6-CC93-420D-B629-24286AD8AE15}"
EndProject
Project("{9A19103F-16F7-4668-BE54-9A1E7A4F7556}") = "Graphs", "Graphs\Graphs.csproj", "{FFF2C832-2A54-4141-B6A9-25F9F6CDBC7C}"
EndProject
Project("{9A19103F-16F7-4668-BE54-9A1E7A4F7556}") = "Movies.Shared", "Movies.Shared\Movies.Shared.csproj", "{54F353B5-938D-448D-A412-04D96779760B}"
EndProject
Project("{9A19103F-16F7-4668-BE54-9A1E7A4F7556}") = "Specifications", "DesignPatterns\Specs\Specifications.csproj", "{55C430A8-30F0-4E55-9156-32F70F3648F8}"
EndProject
Project("{FAE04EC0-301F-11D3-BF4B-00C04F79EFBC}") = "ObjectPools", "DesignPatterns\ObjectPool\ObjectPools.csproj", "{C5A82F7C-7A62-4EF0-8856-035F1C35DE17}"
EndProject
Global
	GlobalSection(SolutionConfigurationPlatforms) = preSolution
		Debug|Any CPU = Debug|Any CPU
		Release|Any CPU = Release|Any CPU
	EndGlobalSection
	GlobalSection(ProjectConfigurationPlatforms) = postSolution
		{27F7106D-347C-4BEC-A04B-EC4B6B3CB6E5}.Debug|Any CPU.ActiveCfg = Debug|Any CPU
		{27F7106D-347C-4BEC-A04B-EC4B6B3CB6E5}.Debug|Any CPU.Build.0 = Debug|Any CPU
		{27F7106D-347C-4BEC-A04B-EC4B6B3CB6E5}.Release|Any CPU.ActiveCfg = Release|Any CPU
		{27F7106D-347C-4BEC-A04B-EC4B6B3CB6E5}.Release|Any CPU.Build.0 = Release|Any CPU
		{5E4D9F12-A069-4979-9EE1-944FF27C1BF0}.Debug|Any CPU.ActiveCfg = Debug|Any CPU
		{5E4D9F12-A069-4979-9EE1-944FF27C1BF0}.Debug|Any CPU.Build.0 = Debug|Any CPU
		{5E4D9F12-A069-4979-9EE1-944FF27C1BF0}.Release|Any CPU.ActiveCfg = Release|Any CPU
		{5E4D9F12-A069-4979-9EE1-944FF27C1BF0}.Release|Any CPU.Build.0 = Release|Any CPU
		{C796791F-D7AC-48B6-B1CE-2582CAC57A65}.Debug|Any CPU.ActiveCfg = Debug|Any CPU
		{C796791F-D7AC-48B6-B1CE-2582CAC57A65}.Debug|Any CPU.Build.0 = Debug|Any CPU
		{C796791F-D7AC-48B6-B1CE-2582CAC57A65}.Release|Any CPU.ActiveCfg = Release|Any CPU
		{C796791F-D7AC-48B6-B1CE-2582CAC57A65}.Release|Any CPU.Build.0 = Release|Any CPU
		{981C3560-B808-4782-95B6-FE67AE92EA4C}.Debug|Any CPU.ActiveCfg = Debug|Any CPU
		{981C3560-B808-4782-95B6-FE67AE92EA4C}.Debug|Any CPU.Build.0 = Debug|Any CPU
		{981C3560-B808-4782-95B6-FE67AE92EA4C}.Release|Any CPU.ActiveCfg = Release|Any CPU
		{981C3560-B808-4782-95B6-FE67AE92EA4C}.Release|Any CPU.Build.0 = Release|Any CPU
		{5CBFC444-6D17-48B1-BDC0-7661D5E0417B}.Debug|Any CPU.ActiveCfg = Debug|Any CPU
		{5CBFC444-6D17-48B1-BDC0-7661D5E0417B}.Debug|Any CPU.Build.0 = Debug|Any CPU
		{5CBFC444-6D17-48B1-BDC0-7661D5E0417B}.Release|Any CPU.ActiveCfg = Release|Any CPU
		{5CBFC444-6D17-48B1-BDC0-7661D5E0417B}.Release|Any CPU.Build.0 = Release|Any CPU
		{7A2207CF-9FB3-4E8D-804B-F89D9A8214F4}.Debug|Any CPU.ActiveCfg = Debug|Any CPU
		{7A2207CF-9FB3-4E8D-804B-F89D9A8214F4}.Debug|Any CPU.Build.0 = Debug|Any CPU
		{7A2207CF-9FB3-4E8D-804B-F89D9A8214F4}.Release|Any CPU.ActiveCfg = Release|Any CPU
		{7A2207CF-9FB3-4E8D-804B-F89D9A8214F4}.Release|Any CPU.Build.0 = Release|Any CPU
		{ECAE3533-4FF8-4F79-A516-24F97D5E8A9B}.Debug|Any CPU.ActiveCfg = Debug|Any CPU
		{ECAE3533-4FF8-4F79-A516-24F97D5E8A9B}.Debug|Any CPU.Build.0 = Debug|Any CPU
		{ECAE3533-4FF8-4F79-A516-24F97D5E8A9B}.Release|Any CPU.ActiveCfg = Release|Any CPU
		{ECAE3533-4FF8-4F79-A516-24F97D5E8A9B}.Release|Any CPU.Build.0 = Release|Any CPU
		{419BE07A-1FC9-4079-BD44-7F7EE87F7F1D}.Debug|Any CPU.ActiveCfg = Debug|Any CPU
		{419BE07A-1FC9-4079-BD44-7F7EE87F7F1D}.Debug|Any CPU.Build.0 = Debug|Any CPU
		{419BE07A-1FC9-4079-BD44-7F7EE87F7F1D}.Release|Any CPU.ActiveCfg = Release|Any CPU
		{419BE07A-1FC9-4079-BD44-7F7EE87F7F1D}.Release|Any CPU.Build.0 = Release|Any CPU
		{80A58D02-87CE-48B5-872D-2402DDEBDCD2}.Debug|Any CPU.ActiveCfg = Debug|Any CPU
		{80A58D02-87CE-48B5-872D-2402DDEBDCD2}.Debug|Any CPU.Build.0 = Debug|Any CPU
		{80A58D02-87CE-48B5-872D-2402DDEBDCD2}.Release|Any CPU.ActiveCfg = Release|Any CPU
		{80A58D02-87CE-48B5-872D-2402DDEBDCD2}.Release|Any CPU.Build.0 = Release|Any CPU
		{9ADBF3BA-D490-4B43-BF1E-A335B561FFC7}.Debug|Any CPU.ActiveCfg = Debug|Any CPU
		{9ADBF3BA-D490-4B43-BF1E-A335B561FFC7}.Debug|Any CPU.Build.0 = Debug|Any CPU
		{9ADBF3BA-D490-4B43-BF1E-A335B561FFC7}.Release|Any CPU.ActiveCfg = Release|Any CPU
		{9ADBF3BA-D490-4B43-BF1E-A335B561FFC7}.Release|Any CPU.Build.0 = Release|Any CPU
		{A04F2F51-1465-4D99-BE58-6003EF25DDCA}.Debug|Any CPU.ActiveCfg = Debug|Any CPU
		{A04F2F51-1465-4D99-BE58-6003EF25DDCA}.Debug|Any CPU.Build.0 = Debug|Any CPU
		{A04F2F51-1465-4D99-BE58-6003EF25DDCA}.Release|Any CPU.ActiveCfg = Release|Any CPU
		{A04F2F51-1465-4D99-BE58-6003EF25DDCA}.Release|Any CPU.Build.0 = Release|Any CPU
		{6B10AA97-019F-4593-BC60-A4ACBD95BC4E}.Debug|Any CPU.ActiveCfg = Debug|Any CPU
		{6B10AA97-019F-4593-BC60-A4ACBD95BC4E}.Debug|Any CPU.Build.0 = Debug|Any CPU
		{6B10AA97-019F-4593-BC60-A4ACBD95BC4E}.Release|Any CPU.ActiveCfg = Release|Any CPU
		{6B10AA97-019F-4593-BC60-A4ACBD95BC4E}.Release|Any CPU.Build.0 = Release|Any CPU
		{FFF2C832-2A54-4141-B6A9-25F9F6CDBC7C}.Debug|Any CPU.ActiveCfg = Debug|Any CPU
		{FFF2C832-2A54-4141-B6A9-25F9F6CDBC7C}.Debug|Any CPU.Build.0 = Debug|Any CPU
		{FFF2C832-2A54-4141-B6A9-25F9F6CDBC7C}.Release|Any CPU.ActiveCfg = Release|Any CPU
		{FFF2C832-2A54-4141-B6A9-25F9F6CDBC7C}.Release|Any CPU.Build.0 = Release|Any CPU
		{54F353B5-938D-448D-A412-04D96779760B}.Debug|Any CPU.ActiveCfg = Debug|Any CPU
		{54F353B5-938D-448D-A412-04D96779760B}.Debug|Any CPU.Build.0 = Debug|Any CPU
		{54F353B5-938D-448D-A412-04D96779760B}.Release|Any CPU.ActiveCfg = Release|Any CPU
		{54F353B5-938D-448D-A412-04D96779760B}.Release|Any CPU.Build.0 = Release|Any CPU
		{55C430A8-30F0-4E55-9156-32F70F3648F8}.Debug|Any CPU.ActiveCfg = Debug|Any CPU
		{55C430A8-30F0-4E55-9156-32F70F3648F8}.Debug|Any CPU.Build.0 = Debug|Any CPU
		{55C430A8-30F0-4E55-9156-32F70F3648F8}.Release|Any CPU.ActiveCfg = Release|Any CPU
		{55C430A8-30F0-4E55-9156-32F70F3648F8}.Release|Any CPU.Build.0 = Release|Any CPU
		{C5A82F7C-7A62-4EF0-8856-035F1C35DE17}.Debug|Any CPU.ActiveCfg = Debug|Any CPU
		{C5A82F7C-7A62-4EF0-8856-035F1C35DE17}.Debug|Any CPU.Build.0 = Debug|Any CPU
		{C5A82F7C-7A62-4EF0-8856-035F1C35DE17}.Release|Any CPU.ActiveCfg = Release|Any CPU
		{C5A82F7C-7A62-4EF0-8856-035F1C35DE17}.Release|Any CPU.Build.0 = Release|Any CPU
	EndGlobalSection
	GlobalSection(SolutionProperties) = preSolution
		HideSolutionNode = FALSE
	EndGlobalSection
	GlobalSection(NestedProjects) = preSolution
		{27F7106D-347C-4BEC-A04B-EC4B6B3CB6E5} = {A6F2A58B-0ABD-4B98-BA7F-8831125BD8BA}
		{981C3560-B808-4782-95B6-FE67AE92EA4C} = {9B5D7FEE-4055-4D9A-A9A8-D5C05108FCE7}
		{9B5D7FEE-4055-4D9A-A9A8-D5C05108FCE7} = {D8BFBF70-D61D-4D97-BBAD-AC65D20D495A}
		{A6F2A58B-0ABD-4B98-BA7F-8831125BD8BA} = {D8BFBF70-D61D-4D97-BBAD-AC65D20D495A}
		{5C8EB0DE-2F40-4050-8E36-9839AC8934F8} = {D8BFBF70-D61D-4D97-BBAD-AC65D20D495A}
		{5CBFC444-6D17-48B1-BDC0-7661D5E0417B} = {5C8EB0DE-2F40-4050-8E36-9839AC8934F8}
		{4B64BF8C-53C6-4285-AF90-F53C4CC93A98} = {D8BFBF70-D61D-4D97-BBAD-AC65D20D495A}
		{034546F7-9F00-4AD6-8AA6-880CC2E02CE5} = {D8BFBF70-D61D-4D97-BBAD-AC65D20D495A}
		{E1A56079-FDE4-4D4C-84AB-F7ECE5F4814D} = {D8BFBF70-D61D-4D97-BBAD-AC65D20D495A}
		{7A2207CF-9FB3-4E8D-804B-F89D9A8214F4} = {E1A56079-FDE4-4D4C-84AB-F7ECE5F4814D}
		{CAD2E5B0-CA76-41E4-92ED-34647500B6E7} = {D8BFBF70-D61D-4D97-BBAD-AC65D20D495A}
		{C79B2149-8DAB-4B18-A296-3AC5248FAF99} = {CAD2E5B0-CA76-41E4-92ED-34647500B6E7}
		{ECAE3533-4FF8-4F79-A516-24F97D5E8A9B} = {C79B2149-8DAB-4B18-A296-3AC5248FAF99}
		{419BE07A-1FC9-4079-BD44-7F7EE87F7F1D} = {C79B2149-8DAB-4B18-A296-3AC5248FAF99}
		{80A58D02-87CE-48B5-872D-2402DDEBDCD2} = {C9109332-7CC0-451C-9C2E-E17DE10106C2}
		{9ADBF3BA-D490-4B43-BF1E-A335B561FFC7} = {C9109332-7CC0-451C-9C2E-E17DE10106C2}
		{A04F2F51-1465-4D99-BE58-6003EF25DDCA} = {C9109332-7CC0-451C-9C2E-E17DE10106C2}
		{C9109332-7CC0-451C-9C2E-E17DE10106C2} = {3261F889-BDD9-46F7-9EDF-80272ECC7279}
		{6B10AA97-019F-4593-BC60-A4ACBD95BC4E} = {C9109332-7CC0-451C-9C2E-E17DE10106C2}
		{4ADA77D6-CC93-420D-B629-24286AD8AE15} = {3261F889-BDD9-46F7-9EDF-80272ECC7279}
		{FFF2C832-2A54-4141-B6A9-25F9F6CDBC7C} = {3261F889-BDD9-46F7-9EDF-80272ECC7279}
		{54F353B5-938D-448D-A412-04D96779760B} = {C9109332-7CC0-451C-9C2E-E17DE10106C2}
		{55C430A8-30F0-4E55-9156-32F70F3648F8} = {D8BFBF70-D61D-4D97-BBAD-AC65D20D495A}
		{C5A82F7C-7A62-4EF0-8856-035F1C35DE17} = {9B5D7FEE-4055-4D9A-A9A8-D5C05108FCE7}
	EndGlobalSection
	GlobalSection(ExtensibilityGlobals) = postSolution
		SolutionGuid = {CEEC82EA-C5BB-4E64-A8E3-567DA4DC2291}
	EndGlobalSection
EndGlobal
