
Microsoft Visual Studio Solution File, Format Version 12.00
# Visual Studio Version 17
VisualStudioVersion = 17.0.31912.275
MinimumVisualStudioVersion = 15.0.26124.0
Project("{9A19103F-16F7-4668-BE54-9A1E7A4F7556}") = "Specifications", "Specs\Specifications.csproj", "{AD92C36D-7273-49F0-82A7-4EACD2EE310E}"
EndProject
Project("{9A19103F-16F7-4668-BE54-9A1E7A4F7556}") = "Flyweights", "Flyweights\Flyweights.csproj", "{BD71D8E3-F4FB-420A-9A81-41E8410F49A6}"
EndProject
Project("{9A19103F-16F7-4668-BE54-9A1E7A4F7556}") = "Benefactor", "Benefactor\Benefactor.csproj", "{868799B2-91D5-4A20-80E2-9B89A4BC94E3}"
EndProject
Project("{9A19103F-16F7-4668-BE54-9A1E7A4F7556}") = "DP.Tests", "DP.Tests\DP.Tests.csproj", "{75796D6E-9841-4AF4-9589-A0E20568D613}"
EndProject
Project("{9A19103F-16F7-4668-BE54-9A1E7A4F7556}") = "Singletons", "Singleton\Singletons.csproj", "{8A2EDB7C-5598-42B8-A5E0-5BFA1FE44B14}"
EndProject
Project("{9A19103F-16F7-4668-BE54-9A1E7A4F7556}") = "ChainOfResponsibility", "ChainOfResponsibility\ChainOfResponsibility.csproj", "{79D249F9-832F-48A2-8F22-59AAFD2B2EEA}"
EndProject
Project("{9A19103F-16F7-4668-BE54-9A1E7A4F7556}") = "Decorators", "Decorators\Decorators.csproj", "{FBF4181F-0193-4BB0-A719-095D0CB7BCD3}"
EndProject
Project("{9A19103F-16F7-4668-BE54-9A1E7A4F7556}") = "Adapter", "Adapter\Adapter.csproj", "{8E824870-B529-4E7C-B3CB-2F25FA07B0D2}"
EndProject
Project("{9A19103F-16F7-4668-BE54-9A1E7A4F7556}") = "Iterable", "Iterable\Iterable.csproj", "{532E3A35-4080-4862-B457-635993F9E3EC}"
EndProject
Project("{9A19103F-16F7-4668-BE54-9A1E7A4F7556}") = "Clevertech-Assesment", "Clevertech-Assesment\Clevertech-Assesment.csproj", "{0875A6C9-2675-4D6B-B30E-E45928B8CC67}"
EndProject
Project("{FAE04EC0-301F-11D3-BF4B-00C04F79EFBC}") = "ExtensionsTests", "ExtensionsTests\ExtensionsTests.csproj", "{FE592527-B484-4DDD-9E0F-BB1D654B320E}"
EndProject
Global
	GlobalSection(SolutionConfigurationPlatforms) = preSolution
		Debug|Any CPU = Debug|Any CPU
		Debug|x64 = Debug|x64
		Debug|x86 = Debug|x86
		Release|Any CPU = Release|Any CPU
		Release|x64 = Release|x64
		Release|x86 = Release|x86
	EndGlobalSection
	GlobalSection(ProjectConfigurationPlatforms) = postSolution
		{AD92C36D-7273-49F0-82A7-4EACD2EE310E}.Debug|Any CPU.ActiveCfg = Debug|Any CPU
		{AD92C36D-7273-49F0-82A7-4EACD2EE310E}.Debug|Any CPU.Build.0 = Debug|Any CPU
		{AD92C36D-7273-49F0-82A7-4EACD2EE310E}.Debug|x64.ActiveCfg = Debug|Any CPU
		{AD92C36D-7273-49F0-82A7-4EACD2EE310E}.Debug|x64.Build.0 = Debug|Any CPU
		{AD92C36D-7273-49F0-82A7-4EACD2EE310E}.Debug|x86.ActiveCfg = Debug|Any CPU
		{AD92C36D-7273-49F0-82A7-4EACD2EE310E}.Debug|x86.Build.0 = Debug|Any CPU
		{AD92C36D-7273-49F0-82A7-4EACD2EE310E}.Release|Any CPU.ActiveCfg = Release|Any CPU
		{AD92C36D-7273-49F0-82A7-4EACD2EE310E}.Release|Any CPU.Build.0 = Release|Any CPU
		{AD92C36D-7273-49F0-82A7-4EACD2EE310E}.Release|x64.ActiveCfg = Release|Any CPU
		{AD92C36D-7273-49F0-82A7-4EACD2EE310E}.Release|x64.Build.0 = Release|Any CPU
		{AD92C36D-7273-49F0-82A7-4EACD2EE310E}.Release|x86.ActiveCfg = Release|Any CPU
		{AD92C36D-7273-49F0-82A7-4EACD2EE310E}.Release|x86.Build.0 = Release|Any CPU
		{BD71D8E3-F4FB-420A-9A81-41E8410F49A6}.Debug|Any CPU.ActiveCfg = Debug|Any CPU
		{BD71D8E3-F4FB-420A-9A81-41E8410F49A6}.Debug|Any CPU.Build.0 = Debug|Any CPU
		{BD71D8E3-F4FB-420A-9A81-41E8410F49A6}.Debug|x64.ActiveCfg = Debug|Any CPU
		{BD71D8E3-F4FB-420A-9A81-41E8410F49A6}.Debug|x64.Build.0 = Debug|Any CPU
		{BD71D8E3-F4FB-420A-9A81-41E8410F49A6}.Debug|x86.ActiveCfg = Debug|Any CPU
		{BD71D8E3-F4FB-420A-9A81-41E8410F49A6}.Debug|x86.Build.0 = Debug|Any CPU
		{BD71D8E3-F4FB-420A-9A81-41E8410F49A6}.Release|Any CPU.ActiveCfg = Release|Any CPU
		{BD71D8E3-F4FB-420A-9A81-41E8410F49A6}.Release|Any CPU.Build.0 = Release|Any CPU
		{BD71D8E3-F4FB-420A-9A81-41E8410F49A6}.Release|x64.ActiveCfg = Release|Any CPU
		{BD71D8E3-F4FB-420A-9A81-41E8410F49A6}.Release|x64.Build.0 = Release|Any CPU
		{BD71D8E3-F4FB-420A-9A81-41E8410F49A6}.Release|x86.ActiveCfg = Release|Any CPU
		{BD71D8E3-F4FB-420A-9A81-41E8410F49A6}.Release|x86.Build.0 = Release|Any CPU
		{868799B2-91D5-4A20-80E2-9B89A4BC94E3}.Debug|Any CPU.ActiveCfg = Debug|Any CPU
		{868799B2-91D5-4A20-80E2-9B89A4BC94E3}.Debug|Any CPU.Build.0 = Debug|Any CPU
		{868799B2-91D5-4A20-80E2-9B89A4BC94E3}.Debug|x64.ActiveCfg = Debug|Any CPU
		{868799B2-91D5-4A20-80E2-9B89A4BC94E3}.Debug|x64.Build.0 = Debug|Any CPU
		{868799B2-91D5-4A20-80E2-9B89A4BC94E3}.Debug|x86.ActiveCfg = Debug|Any CPU
		{868799B2-91D5-4A20-80E2-9B89A4BC94E3}.Debug|x86.Build.0 = Debug|Any CPU
		{868799B2-91D5-4A20-80E2-9B89A4BC94E3}.Release|Any CPU.ActiveCfg = Release|Any CPU
		{868799B2-91D5-4A20-80E2-9B89A4BC94E3}.Release|Any CPU.Build.0 = Release|Any CPU
		{868799B2-91D5-4A20-80E2-9B89A4BC94E3}.Release|x64.ActiveCfg = Release|Any CPU
		{868799B2-91D5-4A20-80E2-9B89A4BC94E3}.Release|x64.Build.0 = Release|Any CPU
		{868799B2-91D5-4A20-80E2-9B89A4BC94E3}.Release|x86.ActiveCfg = Release|Any CPU
		{868799B2-91D5-4A20-80E2-9B89A4BC94E3}.Release|x86.Build.0 = Release|Any CPU
		{75796D6E-9841-4AF4-9589-A0E20568D613}.Debug|Any CPU.ActiveCfg = Debug|Any CPU
		{75796D6E-9841-4AF4-9589-A0E20568D613}.Debug|Any CPU.Build.0 = Debug|Any CPU
		{75796D6E-9841-4AF4-9589-A0E20568D613}.Debug|x64.ActiveCfg = Debug|Any CPU
		{75796D6E-9841-4AF4-9589-A0E20568D613}.Debug|x64.Build.0 = Debug|Any CPU
		{75796D6E-9841-4AF4-9589-A0E20568D613}.Debug|x86.ActiveCfg = Debug|Any CPU
		{75796D6E-9841-4AF4-9589-A0E20568D613}.Debug|x86.Build.0 = Debug|Any CPU
		{75796D6E-9841-4AF4-9589-A0E20568D613}.Release|Any CPU.ActiveCfg = Release|Any CPU
		{75796D6E-9841-4AF4-9589-A0E20568D613}.Release|Any CPU.Build.0 = Release|Any CPU
		{75796D6E-9841-4AF4-9589-A0E20568D613}.Release|x64.ActiveCfg = Release|Any CPU
		{75796D6E-9841-4AF4-9589-A0E20568D613}.Release|x64.Build.0 = Release|Any CPU
		{75796D6E-9841-4AF4-9589-A0E20568D613}.Release|x86.ActiveCfg = Release|Any CPU
		{75796D6E-9841-4AF4-9589-A0E20568D613}.Release|x86.Build.0 = Release|Any CPU
		{8A2EDB7C-5598-42B8-A5E0-5BFA1FE44B14}.Debug|Any CPU.ActiveCfg = Debug|Any CPU
		{8A2EDB7C-5598-42B8-A5E0-5BFA1FE44B14}.Debug|Any CPU.Build.0 = Debug|Any CPU
		{8A2EDB7C-5598-42B8-A5E0-5BFA1FE44B14}.Debug|x64.ActiveCfg = Debug|Any CPU
		{8A2EDB7C-5598-42B8-A5E0-5BFA1FE44B14}.Debug|x64.Build.0 = Debug|Any CPU
		{8A2EDB7C-5598-42B8-A5E0-5BFA1FE44B14}.Debug|x86.ActiveCfg = Debug|Any CPU
		{8A2EDB7C-5598-42B8-A5E0-5BFA1FE44B14}.Debug|x86.Build.0 = Debug|Any CPU
		{8A2EDB7C-5598-42B8-A5E0-5BFA1FE44B14}.Release|Any CPU.ActiveCfg = Release|Any CPU
		{8A2EDB7C-5598-42B8-A5E0-5BFA1FE44B14}.Release|Any CPU.Build.0 = Release|Any CPU
		{8A2EDB7C-5598-42B8-A5E0-5BFA1FE44B14}.Release|x64.ActiveCfg = Release|Any CPU
		{8A2EDB7C-5598-42B8-A5E0-5BFA1FE44B14}.Release|x64.Build.0 = Release|Any CPU
		{8A2EDB7C-5598-42B8-A5E0-5BFA1FE44B14}.Release|x86.ActiveCfg = Release|Any CPU
		{8A2EDB7C-5598-42B8-A5E0-5BFA1FE44B14}.Release|x86.Build.0 = Release|Any CPU
		{79D249F9-832F-48A2-8F22-59AAFD2B2EEA}.Debug|Any CPU.ActiveCfg = Debug|Any CPU
		{79D249F9-832F-48A2-8F22-59AAFD2B2EEA}.Debug|Any CPU.Build.0 = Debug|Any CPU
		{79D249F9-832F-48A2-8F22-59AAFD2B2EEA}.Debug|x64.ActiveCfg = Debug|Any CPU
		{79D249F9-832F-48A2-8F22-59AAFD2B2EEA}.Debug|x64.Build.0 = Debug|Any CPU
		{79D249F9-832F-48A2-8F22-59AAFD2B2EEA}.Debug|x86.ActiveCfg = Debug|Any CPU
		{79D249F9-832F-48A2-8F22-59AAFD2B2EEA}.Debug|x86.Build.0 = Debug|Any CPU
		{79D249F9-832F-48A2-8F22-59AAFD2B2EEA}.Release|Any CPU.ActiveCfg = Release|Any CPU
		{79D249F9-832F-48A2-8F22-59AAFD2B2EEA}.Release|Any CPU.Build.0 = Release|Any CPU
		{79D249F9-832F-48A2-8F22-59AAFD2B2EEA}.Release|x64.ActiveCfg = Release|Any CPU
		{79D249F9-832F-48A2-8F22-59AAFD2B2EEA}.Release|x64.Build.0 = Release|Any CPU
		{79D249F9-832F-48A2-8F22-59AAFD2B2EEA}.Release|x86.ActiveCfg = Release|Any CPU
		{79D249F9-832F-48A2-8F22-59AAFD2B2EEA}.Release|x86.Build.0 = Release|Any CPU
		{FBF4181F-0193-4BB0-A719-095D0CB7BCD3}.Debug|Any CPU.ActiveCfg = Debug|Any CPU
		{FBF4181F-0193-4BB0-A719-095D0CB7BCD3}.Debug|Any CPU.Build.0 = Debug|Any CPU
		{FBF4181F-0193-4BB0-A719-095D0CB7BCD3}.Debug|x64.ActiveCfg = Debug|Any CPU
		{FBF4181F-0193-4BB0-A719-095D0CB7BCD3}.Debug|x64.Build.0 = Debug|Any CPU
		{FBF4181F-0193-4BB0-A719-095D0CB7BCD3}.Debug|x86.ActiveCfg = Debug|Any CPU
		{FBF4181F-0193-4BB0-A719-095D0CB7BCD3}.Debug|x86.Build.0 = Debug|Any CPU
		{FBF4181F-0193-4BB0-A719-095D0CB7BCD3}.Release|Any CPU.ActiveCfg = Release|Any CPU
		{FBF4181F-0193-4BB0-A719-095D0CB7BCD3}.Release|Any CPU.Build.0 = Release|Any CPU
		{FBF4181F-0193-4BB0-A719-095D0CB7BCD3}.Release|x64.ActiveCfg = Release|Any CPU
		{FBF4181F-0193-4BB0-A719-095D0CB7BCD3}.Release|x64.Build.0 = Release|Any CPU
		{FBF4181F-0193-4BB0-A719-095D0CB7BCD3}.Release|x86.ActiveCfg = Release|Any CPU
		{FBF4181F-0193-4BB0-A719-095D0CB7BCD3}.Release|x86.Build.0 = Release|Any CPU
		{8E824870-B529-4E7C-B3CB-2F25FA07B0D2}.Debug|Any CPU.ActiveCfg = Debug|Any CPU
		{8E824870-B529-4E7C-B3CB-2F25FA07B0D2}.Debug|Any CPU.Build.0 = Debug|Any CPU
		{8E824870-B529-4E7C-B3CB-2F25FA07B0D2}.Debug|x64.ActiveCfg = Debug|Any CPU
		{8E824870-B529-4E7C-B3CB-2F25FA07B0D2}.Debug|x64.Build.0 = Debug|Any CPU
		{8E824870-B529-4E7C-B3CB-2F25FA07B0D2}.Debug|x86.ActiveCfg = Debug|Any CPU
		{8E824870-B529-4E7C-B3CB-2F25FA07B0D2}.Debug|x86.Build.0 = Debug|Any CPU
		{8E824870-B529-4E7C-B3CB-2F25FA07B0D2}.Release|Any CPU.ActiveCfg = Release|Any CPU
		{8E824870-B529-4E7C-B3CB-2F25FA07B0D2}.Release|Any CPU.Build.0 = Release|Any CPU
		{8E824870-B529-4E7C-B3CB-2F25FA07B0D2}.Release|x64.ActiveCfg = Release|Any CPU
		{8E824870-B529-4E7C-B3CB-2F25FA07B0D2}.Release|x64.Build.0 = Release|Any CPU
		{8E824870-B529-4E7C-B3CB-2F25FA07B0D2}.Release|x86.ActiveCfg = Release|Any CPU
		{8E824870-B529-4E7C-B3CB-2F25FA07B0D2}.Release|x86.Build.0 = Release|Any CPU
		{532E3A35-4080-4862-B457-635993F9E3EC}.Debug|Any CPU.ActiveCfg = Debug|Any CPU
		{532E3A35-4080-4862-B457-635993F9E3EC}.Debug|Any CPU.Build.0 = Debug|Any CPU
		{532E3A35-4080-4862-B457-635993F9E3EC}.Debug|x64.ActiveCfg = Debug|Any CPU
		{532E3A35-4080-4862-B457-635993F9E3EC}.Debug|x64.Build.0 = Debug|Any CPU
		{532E3A35-4080-4862-B457-635993F9E3EC}.Debug|x86.ActiveCfg = Debug|Any CPU
		{532E3A35-4080-4862-B457-635993F9E3EC}.Debug|x86.Build.0 = Debug|Any CPU
		{532E3A35-4080-4862-B457-635993F9E3EC}.Release|Any CPU.ActiveCfg = Release|Any CPU
		{532E3A35-4080-4862-B457-635993F9E3EC}.Release|Any CPU.Build.0 = Release|Any CPU
		{532E3A35-4080-4862-B457-635993F9E3EC}.Release|x64.ActiveCfg = Release|Any CPU
		{532E3A35-4080-4862-B457-635993F9E3EC}.Release|x64.Build.0 = Release|Any CPU
		{532E3A35-4080-4862-B457-635993F9E3EC}.Release|x86.ActiveCfg = Release|Any CPU
		{532E3A35-4080-4862-B457-635993F9E3EC}.Release|x86.Build.0 = Release|Any CPU
		{0875A6C9-2675-4D6B-B30E-E45928B8CC67}.Debug|Any CPU.ActiveCfg = Debug|Any CPU
		{0875A6C9-2675-4D6B-B30E-E45928B8CC67}.Debug|Any CPU.Build.0 = Debug|Any CPU
		{0875A6C9-2675-4D6B-B30E-E45928B8CC67}.Debug|x64.ActiveCfg = Debug|Any CPU
		{0875A6C9-2675-4D6B-B30E-E45928B8CC67}.Debug|x64.Build.0 = Debug|Any CPU
		{0875A6C9-2675-4D6B-B30E-E45928B8CC67}.Debug|x86.ActiveCfg = Debug|Any CPU
		{0875A6C9-2675-4D6B-B30E-E45928B8CC67}.Debug|x86.Build.0 = Debug|Any CPU
		{0875A6C9-2675-4D6B-B30E-E45928B8CC67}.Release|Any CPU.ActiveCfg = Release|Any CPU
		{0875A6C9-2675-4D6B-B30E-E45928B8CC67}.Release|Any CPU.Build.0 = Release|Any CPU
		{0875A6C9-2675-4D6B-B30E-E45928B8CC67}.Release|x64.ActiveCfg = Release|Any CPU
		{0875A6C9-2675-4D6B-B30E-E45928B8CC67}.Release|x64.Build.0 = Release|Any CPU
		{0875A6C9-2675-4D6B-B30E-E45928B8CC67}.Release|x86.ActiveCfg = Release|Any CPU
		{0875A6C9-2675-4D6B-B30E-E45928B8CC67}.Release|x86.Build.0 = Release|Any CPU
		{FE592527-B484-4DDD-9E0F-BB1D654B320E}.Debug|Any CPU.ActiveCfg = Debug|Any CPU
		{FE592527-B484-4DDD-9E0F-BB1D654B320E}.Debug|Any CPU.Build.0 = Debug|Any CPU
		{FE592527-B484-4DDD-9E0F-BB1D654B320E}.Debug|x64.ActiveCfg = Debug|Any CPU
		{FE592527-B484-4DDD-9E0F-BB1D654B320E}.Debug|x64.Build.0 = Debug|Any CPU
		{FE592527-B484-4DDD-9E0F-BB1D654B320E}.Debug|x86.ActiveCfg = Debug|Any CPU
		{FE592527-B484-4DDD-9E0F-BB1D654B320E}.Debug|x86.Build.0 = Debug|Any CPU
		{FE592527-B484-4DDD-9E0F-BB1D654B320E}.Release|Any CPU.ActiveCfg = Release|Any CPU
		{FE592527-B484-4DDD-9E0F-BB1D654B320E}.Release|Any CPU.Build.0 = Release|Any CPU
		{FE592527-B484-4DDD-9E0F-BB1D654B320E}.Release|x64.ActiveCfg = Release|Any CPU
		{FE592527-B484-4DDD-9E0F-BB1D654B320E}.Release|x64.Build.0 = Release|Any CPU
		{FE592527-B484-4DDD-9E0F-BB1D654B320E}.Release|x86.ActiveCfg = Release|Any CPU
		{FE592527-B484-4DDD-9E0F-BB1D654B320E}.Release|x86.Build.0 = Release|Any CPU
	EndGlobalSection
	GlobalSection(SolutionProperties) = preSolution
		HideSolutionNode = FALSE
	EndGlobalSection
	GlobalSection(ExtensibilityGlobals) = postSolution
		SolutionGuid = {53D40BEE-7695-4865-B185-F05AC4A96838}
	EndGlobalSection
EndGlobal
